
Microsoft Visual Studio Solution File, Format Version 12.00
# Visual Studio Version 16
VisualStudioVersion = 16.0.31624.102
MinimumVisualStudioVersion = 10.0.40219.1
Project("{9A19103F-16F7-4668-BE54-9A1E7A4F7556}") = "BOOKING.Domain", "Domain\BOOKING.Domain.csproj", "{DBF81029-BF5B-454E-B338-74AB44C4D920}"
EndProject
Project("{9A19103F-16F7-4668-BE54-9A1E7A4F7556}") = "BOOKING.Application", "BOOKING.Application\BOOKING.Application.csproj", "{ACAAA08D-B774-4A47-B63F-2E8F69BF7E72}"
EndProject
Project("{9A19103F-16F7-4668-BE54-9A1E7A4F7556}") = "BOOKING.Persistence", "BOOKING.Persistence\BOOKING.Persistence.csproj", "{C39848E0-8E39-4DE0-BFA1-F1F8897927EB}"
EndProject
Project("{9A19103F-16F7-4668-BE54-9A1E7A4F7556}") = "BOOKING.Domain.Tests", "Booking.Domain.Tests\BOOKING.Domain.Tests.csproj", "{B392453D-69F4-47FC-8ED2-0F1470B64F47}"
	ProjectSection(ProjectDependencies) = postProject
		{DBF81029-BF5B-454E-B338-74AB44C4D920} = {DBF81029-BF5B-454E-B338-74AB44C4D920}
	EndProjectSection
EndProject
Global
	GlobalSection(SolutionConfigurationPlatforms) = preSolution
		Debug|Any CPU = Debug|Any CPU
		Release|Any CPU = Release|Any CPU
	EndGlobalSection
	GlobalSection(ProjectConfigurationPlatforms) = postSolution
		{DBF81029-BF5B-454E-B338-74AB44C4D920}.Debug|Any CPU.ActiveCfg = Debug|Any CPU
		{DBF81029-BF5B-454E-B338-74AB44C4D920}.Debug|Any CPU.Build.0 = Debug|Any CPU
		{DBF81029-BF5B-454E-B338-74AB44C4D920}.Release|Any CPU.ActiveCfg = Release|Any CPU
		{DBF81029-BF5B-454E-B338-74AB44C4D920}.Release|Any CPU.Build.0 = Release|Any CPU
		{ACAAA08D-B774-4A47-B63F-2E8F69BF7E72}.Debug|Any CPU.ActiveCfg = Debug|Any CPU
		{ACAAA08D-B774-4A47-B63F-2E8F69BF7E72}.Debug|Any CPU.Build.0 = Debug|Any CPU
		{ACAAA08D-B774-4A47-B63F-2E8F69BF7E72}.Release|Any CPU.ActiveCfg = Release|Any CPU
		{ACAAA08D-B774-4A47-B63F-2E8F69BF7E72}.Release|Any CPU.Build.0 = Release|Any CPU
		{C39848E0-8E39-4DE0-BFA1-F1F8897927EB}.Debug|Any CPU.ActiveCfg = Debug|Any CPU
		{C39848E0-8E39-4DE0-BFA1-F1F8897927EB}.Debug|Any CPU.Build.0 = Debug|Any CPU
		{C39848E0-8E39-4DE0-BFA1-F1F8897927EB}.Release|Any CPU.ActiveCfg = Release|Any CPU
		{C39848E0-8E39-4DE0-BFA1-F1F8897927EB}.Release|Any CPU.Build.0 = Release|Any CPU
		{B392453D-69F4-47FC-8ED2-0F1470B64F47}.Debug|Any CPU.ActiveCfg = Debug|Any CPU
		{B392453D-69F4-47FC-8ED2-0F1470B64F47}.Debug|Any CPU.Build.0 = Debug|Any CPU
		{B392453D-69F4-47FC-8ED2-0F1470B64F47}.Release|Any CPU.ActiveCfg = Release|Any CPU
		{B392453D-69F4-47FC-8ED2-0F1470B64F47}.Release|Any CPU.Build.0 = Release|Any CPU
	EndGlobalSection
	GlobalSection(SolutionProperties) = preSolution
		HideSolutionNode = FALSE
	EndGlobalSection
	GlobalSection(ExtensibilityGlobals) = postSolution
		SolutionGuid = {ED8EBF84-AF51-4BD6-B729-0C3AE8C0ABA5}
	EndGlobalSection
EndGlobal
