
Microsoft Visual Studio Solution File, Format Version 12.00
# Visual Studio Version 16
VisualStudioVersion = 16.0.31624.102
MinimumVisualStudioVersion = 10.0.40219.1
Project("{FAE04EC0-301F-11D3-BF4B-00C04F79EFBC}") = "Domain", "Domain\Domain.csproj", "{DBF81029-BF5B-454E-B338-74AB44C4D920}"
EndProject
Global
	GlobalSection(SolutionConfigurationPlatforms) = preSolution
		Debug|Any CPU = Debug|Any CPU
		Release|Any CPU = Release|Any CPU
	EndGlobalSection
	GlobalSection(ProjectConfigurationPlatforms) = postSolution
		{DBF81029-BF5B-454E-B338-74AB44C4D920}.Debug|Any CPU.ActiveCfg = Debug|Any CPU
		{DBF81029-BF5B-454E-B338-74AB44C4D920}.Debug|Any CPU.Build.0 = Debug|Any CPU
		{DBF81029-BF5B-454E-B338-74AB44C4D920}.Release|Any CPU.ActiveCfg = Release|Any CPU
		{DBF81029-BF5B-454E-B338-74AB44C4D920}.Release|Any CPU.Build.0 = Release|Any CPU
	EndGlobalSection
	GlobalSection(SolutionProperties) = preSolution
		HideSolutionNode = FALSE
	EndGlobalSection
	GlobalSection(ExtensibilityGlobals) = postSolution
		SolutionGuid = {ED8EBF84-AF51-4BD6-B729-0C3AE8C0ABA5}
	EndGlobalSection
EndGlobal
